
Microsoft Visual Studio Solution File, Format Version 12.00
# Visual Studio Version 17
VisualStudioVersion = 17.0.31919.166
MinimumVisualStudioVersion = 10.0.40219.1
Project("{9A19103F-16F7-4668-BE54-9A1E7A4F7556}") = "Task2", "Task2\Task2.csproj", "{2C8F67BB-1FEF-4533-A182-2B087E54133F}"
EndProject
Project("{9A19103F-16F7-4668-BE54-9A1E7A4F7556}") = "Task1", "Task1\Task1.csproj", "{DF86BA4E-E935-4F46-9294-5598F7133CE1}"
EndProject
Global
	GlobalSection(SolutionConfigurationPlatforms) = preSolution
		Debug|Any CPU = Debug|Any CPU
		Release|Any CPU = Release|Any CPU
	EndGlobalSection
	GlobalSection(ProjectConfigurationPlatforms) = postSolution
		{2C8F67BB-1FEF-4533-A182-2B087E54133F}.Debug|Any CPU.ActiveCfg = Debug|Any CPU
		{2C8F67BB-1FEF-4533-A182-2B087E54133F}.Debug|Any CPU.Build.0 = Debug|Any CPU
		{2C8F67BB-1FEF-4533-A182-2B087E54133F}.Release|Any CPU.ActiveCfg = Release|Any CPU
		{2C8F67BB-1FEF-4533-A182-2B087E54133F}.Release|Any CPU.Build.0 = Release|Any CPU
		{DF86BA4E-E935-4F46-9294-5598F7133CE1}.Debug|Any CPU.ActiveCfg = Debug|Any CPU
		{DF86BA4E-E935-4F46-9294-5598F7133CE1}.Debug|Any CPU.Build.0 = Debug|Any CPU
		{DF86BA4E-E935-4F46-9294-5598F7133CE1}.Release|Any CPU.ActiveCfg = Release|Any CPU
		{DF86BA4E-E935-4F46-9294-5598F7133CE1}.Release|Any CPU.Build.0 = Release|Any CPU
	EndGlobalSection
	GlobalSection(SolutionProperties) = preSolution
		HideSolutionNode = FALSE
	EndGlobalSection
	GlobalSection(ExtensibilityGlobals) = postSolution
		SolutionGuid = {5810F351-5D8B-426E-8AC3-56A645898BC3}
	EndGlobalSection
EndGlobal
